Microsoft Visual Studio Solution File, Format Version 12.00
# Visual Studio Version 17
VisualStudioVersion = 17.5.2.0
MinimumVisualStudioVersion = 10.0.40219.1
Project("{2150E333-8FDC-42A3-9474-1A3956D46DE8}") = "Lesson 2.1", "Lesson 2.1", "{97A01588-7315-5531-F172-1D8F3351F6BE}"
EndProject
Project("{FAE04EC0-301F-11D3-BF4B-00C04F79EFBC}") = "OnlineOrder", "Lesson 2.1\OnlineOrder\OnlineOrder.csproj", "{04A4784A-37FE-262D-CEFE-FCCF4004CF92}"
EndProject
Global
	GlobalSection(SolutionConfigurationPlatforms) = preSolution
		Debug|Any CPU = Debug|Any CPU
		Release|Any CPU = Release|Any CPU
	EndGlobalSection
	GlobalSection(ProjectConfigurationPlatforms) = postSolution
		{04A4784A-37FE-262D-CEFE-FCCF4004CF92}.Debug|Any CPU.ActiveCfg = Debug|Any CPU
		{04A4784A-37FE-262D-CEFE-FCCF4004CF92}.Debug|Any CPU.Build.0 = Debug|Any CPU
		{04A4784A-37FE-262D-CEFE-FCCF4004CF92}.Release|Any CPU.ActiveCfg = Release|Any CPU
		{04A4784A-37FE-262D-CEFE-FCCF4004CF92}.Release|Any CPU.Build.0 = Release|Any CPU
	EndGlobalSection
	GlobalSection(SolutionProperties) = preSolution
		HideSolutionNode = FALSE
	EndGlobalSection
	GlobalSection(NestedProjects) = preSolution
		{04A4784A-37FE-262D-CEFE-FCCF4004CF92} = {97A01588-7315-5531-F172-1D8F3351F6BE}
	EndGlobalSection
	GlobalSection(ExtensibilityGlobals) = postSolution
		SolutionGuid = {CE1BB540-4942-4E71-A4A0-45DF1795625B}
	EndGlobalSection
EndGlobal
