
Microsoft Visual Studio Solution File, Format Version 12.00
# Visual Studio Version 17
VisualStudioVersion = 17.5.2.0
MinimumVisualStudioVersion = 10.0.40219.1
Project("{2150E333-8FDC-42A3-9474-1A3956D46DE8}") = "Lesson 2.1", "Lesson 2.1", "{97A01588-7315-5531-F172-1D8F3351F6BE}"
EndProject
Project("{FAE04EC0-301F-11D3-BF4B-00C04F79EFBC}") = "OnlineOrder", "Lesson 2.1\OnlineOrder\OnlineOrder.csproj", "{04A4784A-37FE-262D-CEFE-FCCF4004CF92}"
EndProject
Project("{2150E333-8FDC-42A3-9474-1A3956D46DE8}") = "Lesson 15.1", "Lesson 15.1", "{9A268371-5D12-10C4-A93D-B1889754EE7E}"
EndProject
Project("{FAE04EC0-301F-11D3-BF4B-00C04F79EFBC}") = "FileIOCopyApp", "Lesson 15.1\FileIOCopyApp\FileIOCopyApp.csproj", "{7547E921-626C-4B05-8E89-8102C84AEABA}"
EndProject
Project("{2150E333-8FDC-42A3-9474-1A3956D46DE8}") = "Lesson 4.1", "Lesson 4.1", "{B1199D54-4F6F-C5D5-719E-2CDC1E88E898}"
EndProject
Project("{FAE04EC0-301F-11D3-BF4B-00C04F79EFBC}") = "Calculator", "Lesson 4.1\Calculator\Calculator.csproj", "{05D9F966-90BB-4820-9AC5-9BF9051AB1E6}"
EndProject
Project("{FAE04EC0-301F-11D3-BF4B-00C04F79EFBC}") = "DayOfWeek", "Lesson 4.1\DayOfWeek\DayOfWeek.csproj", "{E7440F79-F1D4-4850-ACE6-E6584EDB468E}"
EndProject
Project("{2150E333-8FDC-42A3-9474-1A3956D46DE8}") = "Lesson 5.1", "Lesson 5.1", "{F3AF8658-9426-6410-65C8-053D67175747}"
EndProject
Project("{FAE04EC0-301F-11D3-BF4B-00C04F79EFBC}") = "Cycles", "Lesson 5.1\Cycles\Cycles.csproj", "{02EF56DD-E7E8-45C0-9300-696D6831987F}"
EndProject
Project("{2150E333-8FDC-42A3-9474-1A3956D46DE8}") = "Lesson 7.1", "Lesson 7.1", "{AF53ED2D-554E-406D-2974-2A592A4750C2}"
EndProject
Project("{FAE04EC0-301F-11D3-BF4B-00C04F79EFBC}") = "ArrayOperations", "Lesson 7.1\ArrayOperations\ArrayOperations.csproj", "{D2B71E85-23A1-4C7A-B6E8-773E3070CE40}"
EndProject
Project("{FAE04EC0-301F-11D3-BF4B-00C04F79EFBC}") = "Tic-tac-toe", "Lesson 7.1\Tic-tac-toe\Tic-tac-toe.csproj", "{3E9BEFE0-02EA-4E37-BEB6-AB60E7F7A6F4}"
EndProject
Project("{2150E333-8FDC-42A3-9474-1A3956D46DE8}") = "Lesson 8.1", "Lesson 8.1", "{D495FDFA-51B3-36F4-EA09-685C146DD71A}"
EndProject
Project("{FAE04EC0-301F-11D3-BF4B-00C04F79EFBC}") = "ArrayOperations2", "Lesson 8.1\ArrayOperations2\ArrayOperations2.csproj", "{09C608E1-5666-44A6-9A40-6A1CC8BCBA2E}"
EndProject
Project("{2150E333-8FDC-42A3-9474-1A3956D46DE8}") = "Lesson 9.1", "Lesson 9.1", "{9D3A4D94-6238-0044-8D6E-77B77F8357E5}"
EndProject
Project("{FAE04EC0-301F-11D3-BF4B-00C04F79EFBC}") = "NameValidator", "Lesson 9.1\NameValidator\NameValidator.csproj", "{F343382A-57E7-41E2-8738-98BD6101A515}"
EndProject
Project("{FAE04EC0-301F-11D3-BF4B-00C04F79EFBC}") = "SpaceRemover", "Lesson 9.1\SpaceRemover\SpaceRemover.csproj", "{3A1C2B2B-73C7-4A3A-A62C-4C89428B555E}"
EndProject
Project("{FAE04EC0-301F-11D3-BF4B-00C04F79EFBC}") = "TextReportGenerator", "Lesson 9.1\TextReportGenerator\TextReportGenerator.csproj", "{7DA8CE23-1FB9-4F1C-AC12-7279B1D218E7}"
EndProject
Project("{2150E333-8FDC-42A3-9474-1A3956D46DE8}") = "Lesson 10.1", "Lesson 10.1", "{4A2DA870-0C70-FB92-F14D-A3DBD758FADB}"
EndProject
Project("{FAE04EC0-301F-11D3-BF4B-00C04F79EFBC}") = "HangmanGame", "Lesson 10.1\HangmanGame\HangmanGame.csproj", "{71694C7C-7467-40AF-B79B-58FE9F3070D0}"
EndProject
Project("{2150E333-8FDC-42A3-9474-1A3956D46DE8}") = "Lesson 11.1", "Lesson 11.1", "{97E3AE6A-338E-DE03-7FA3-E8419CD3E1D9}"
EndProject
Project("{FAE04EC0-301F-11D3-BF4B-00C04F79EFBC}") = "FibonacciSequence", "Lesson 11.1\FibonacciSequence\FibonacciSequence.csproj", "{3D4FE2DF-F46D-4571-883B-1259DC6EFB54}"
EndProject
Project("{2150E333-8FDC-42A3-9474-1A3956D46DE8}") = "Lesson 12.1", "Lesson 12.1", "{863AFCF6-7119-D877-ADD3-EBAEA5B93183}"
EndProject
Project("{FAE04EC0-301F-11D3-BF4B-00C04F79EFBC}") = "ListsOfReferences", "Lesson 12.1\ListsOfReferences\ListsOfReferences.csproj", "{31BC4D90-911E-4836-B0FC-2A070613F31F}"
EndProject
Project("{2150E333-8FDC-42A3-9474-1A3956D46DE8}") = "Lesson 13.1", "Lesson 13.1", "{0150F14C-0248-95DD-D791-7FF72E3A04CF}"
EndProject
Project("{FAE04EC0-301F-11D3-BF4B-00C04F79EFBC}") = "BankAccount", "Lesson 13.1\BankAccount\BankAccount.csproj", "{86A712D9-86B4-4467-9698-238208ED64A7}"
EndProject
Global
	GlobalSection(SolutionConfigurationPlatforms) = preSolution
		Debug|Any CPU = Debug|Any CPU
		Debug|x64 = Debug|x64
		Debug|x86 = Debug|x86
		Release|Any CPU = Release|Any CPU
		Release|x64 = Release|x64
		Release|x86 = Release|x86
	EndGlobalSection
	GlobalSection(ProjectConfigurationPlatforms) = postSolution
		{04A4784A-37FE-262D-CEFE-FCCF4004CF92}.Debug|Any CPU.ActiveCfg = Debug|Any CPU
		{04A4784A-37FE-262D-CEFE-FCCF4004CF92}.Debug|Any CPU.Build.0 = Debug|Any CPU
		{04A4784A-37FE-262D-CEFE-FCCF4004CF92}.Debug|x64.ActiveCfg = Debug|Any CPU
		{04A4784A-37FE-262D-CEFE-FCCF4004CF92}.Debug|x64.Build.0 = Debug|Any CPU
		{04A4784A-37FE-262D-CEFE-FCCF4004CF92}.Debug|x86.ActiveCfg = Debug|Any CPU
		{04A4784A-37FE-262D-CEFE-FCCF4004CF92}.Debug|x86.Build.0 = Debug|Any CPU
		{04A4784A-37FE-262D-CEFE-FCCF4004CF92}.Release|Any CPU.ActiveCfg = Release|Any CPU
		{04A4784A-37FE-262D-CEFE-FCCF4004CF92}.Release|Any CPU.Build.0 = Release|Any CPU
		{04A4784A-37FE-262D-CEFE-FCCF4004CF92}.Release|x64.ActiveCfg = Release|Any CPU
		{04A4784A-37FE-262D-CEFE-FCCF4004CF92}.Release|x64.Build.0 = Release|Any CPU
		{04A4784A-37FE-262D-CEFE-FCCF4004CF92}.Release|x86.ActiveCfg = Release|Any CPU
		{04A4784A-37FE-262D-CEFE-FCCF4004CF92}.Release|x86.Build.0 = Release|Any CPU
		{7547E921-626C-4B05-8E89-8102C84AEABA}.Debug|Any CPU.ActiveCfg = Debug|Any CPU
		{7547E921-626C-4B05-8E89-8102C84AEABA}.Debug|Any CPU.Build.0 = Debug|Any CPU
		{7547E921-626C-4B05-8E89-8102C84AEABA}.Debug|x64.ActiveCfg = Debug|Any CPU
		{7547E921-626C-4B05-8E89-8102C84AEABA}.Debug|x64.Build.0 = Debug|Any CPU
		{7547E921-626C-4B05-8E89-8102C84AEABA}.Debug|x86.ActiveCfg = Debug|Any CPU
		{7547E921-626C-4B05-8E89-8102C84AEABA}.Debug|x86.Build.0 = Debug|Any CPU
		{7547E921-626C-4B05-8E89-8102C84AEABA}.Release|Any CPU.ActiveCfg = Release|Any CPU
		{7547E921-626C-4B05-8E89-8102C84AEABA}.Release|Any CPU.Build.0 = Release|Any CPU
		{7547E921-626C-4B05-8E89-8102C84AEABA}.Release|x64.ActiveCfg = Release|Any CPU
		{7547E921-626C-4B05-8E89-8102C84AEABA}.Release|x64.Build.0 = Release|Any CPU
		{7547E921-626C-4B05-8E89-8102C84AEABA}.Release|x86.ActiveCfg = Release|Any CPU
		{7547E921-626C-4B05-8E89-8102C84AEABA}.Release|x86.Build.0 = Release|Any CPU
		{05D9F966-90BB-4820-9AC5-9BF9051AB1E6}.Debug|Any CPU.ActiveCfg = Debug|Any CPU
		{05D9F966-90BB-4820-9AC5-9BF9051AB1E6}.Debug|Any CPU.Build.0 = Debug|Any CPU
		{05D9F966-90BB-4820-9AC5-9BF9051AB1E6}.Debug|x64.ActiveCfg = Debug|Any CPU
		{05D9F966-90BB-4820-9AC5-9BF9051AB1E6}.Debug|x64.Build.0 = Debug|Any CPU
		{05D9F966-90BB-4820-9AC5-9BF9051AB1E6}.Debug|x86.ActiveCfg = Debug|Any CPU
		{05D9F966-90BB-4820-9AC5-9BF9051AB1E6}.Debug|x86.Build.0 = Debug|Any CPU
		{05D9F966-90BB-4820-9AC5-9BF9051AB1E6}.Release|Any CPU.ActiveCfg = Release|Any CPU
		{05D9F966-90BB-4820-9AC5-9BF9051AB1E6}.Release|Any CPU.Build.0 = Release|Any CPU
		{05D9F966-90BB-4820-9AC5-9BF9051AB1E6}.Release|x64.ActiveCfg = Release|Any CPU
		{05D9F966-90BB-4820-9AC5-9BF9051AB1E6}.Release|x64.Build.0 = Release|Any CPU
		{05D9F966-90BB-4820-9AC5-9BF9051AB1E6}.Release|x86.ActiveCfg = Release|Any CPU
		{05D9F966-90BB-4820-9AC5-9BF9051AB1E6}.Release|x86.Build.0 = Release|Any CPU
		{E7440F79-F1D4-4850-ACE6-E6584EDB468E}.Debug|Any CPU.ActiveCfg = Debug|Any CPU
		{E7440F79-F1D4-4850-ACE6-E6584EDB468E}.Debug|Any CPU.Build.0 = Debug|Any CPU
		{E7440F79-F1D4-4850-ACE6-E6584EDB468E}.Debug|x64.ActiveCfg = Debug|Any CPU
		{E7440F79-F1D4-4850-ACE6-E6584EDB468E}.Debug|x64.Build.0 = Debug|Any CPU
		{E7440F79-F1D4-4850-ACE6-E6584EDB468E}.Debug|x86.ActiveCfg = Debug|Any CPU
		{E7440F79-F1D4-4850-ACE6-E6584EDB468E}.Debug|x86.Build.0 = Debug|Any CPU
		{E7440F79-F1D4-4850-ACE6-E6584EDB468E}.Release|Any CPU.ActiveCfg = Release|Any CPU
		{E7440F79-F1D4-4850-ACE6-E6584EDB468E}.Release|Any CPU.Build.0 = Release|Any CPU
		{E7440F79-F1D4-4850-ACE6-E6584EDB468E}.Release|x64.ActiveCfg = Release|Any CPU
		{E7440F79-F1D4-4850-ACE6-E6584EDB468E}.Release|x64.Build.0 = Release|Any CPU
		{E7440F79-F1D4-4850-ACE6-E6584EDB468E}.Release|x86.ActiveCfg = Release|Any CPU
		{E7440F79-F1D4-4850-ACE6-E6584EDB468E}.Release|x86.Build.0 = Release|Any CPU
		{02EF56DD-E7E8-45C0-9300-696D6831987F}.Debug|Any CPU.ActiveCfg = Debug|Any CPU
		{02EF56DD-E7E8-45C0-9300-696D6831987F}.Debug|Any CPU.Build.0 = Debug|Any CPU
		{02EF56DD-E7E8-45C0-9300-696D6831987F}.Debug|x64.ActiveCfg = Debug|Any CPU
		{02EF56DD-E7E8-45C0-9300-696D6831987F}.Debug|x64.Build.0 = Debug|Any CPU
		{02EF56DD-E7E8-45C0-9300-696D6831987F}.Debug|x86.ActiveCfg = Debug|Any CPU
		{02EF56DD-E7E8-45C0-9300-696D6831987F}.Debug|x86.Build.0 = Debug|Any CPU
		{02EF56DD-E7E8-45C0-9300-696D6831987F}.Release|Any CPU.ActiveCfg = Release|Any CPU
		{02EF56DD-E7E8-45C0-9300-696D6831987F}.Release|Any CPU.Build.0 = Release|Any CPU
		{02EF56DD-E7E8-45C0-9300-696D6831987F}.Release|x64.ActiveCfg = Release|Any CPU
		{02EF56DD-E7E8-45C0-9300-696D6831987F}.Release|x64.Build.0 = Release|Any CPU
		{02EF56DD-E7E8-45C0-9300-696D6831987F}.Release|x86.ActiveCfg = Release|Any CPU
		{02EF56DD-E7E8-45C0-9300-696D6831987F}.Release|x86.Build.0 = Release|Any CPU
		{D2B71E85-23A1-4C7A-B6E8-773E3070CE40}.Debug|Any CPU.ActiveCfg = Debug|Any CPU
		{D2B71E85-23A1-4C7A-B6E8-773E3070CE40}.Debug|Any CPU.Build.0 = Debug|Any CPU
		{D2B71E85-23A1-4C7A-B6E8-773E3070CE40}.Debug|x64.ActiveCfg = Debug|Any CPU
		{D2B71E85-23A1-4C7A-B6E8-773E3070CE40}.Debug|x64.Build.0 = Debug|Any CPU
		{D2B71E85-23A1-4C7A-B6E8-773E3070CE40}.Debug|x86.ActiveCfg = Debug|Any CPU
		{D2B71E85-23A1-4C7A-B6E8-773E3070CE40}.Debug|x86.Build.0 = Debug|Any CPU
		{D2B71E85-23A1-4C7A-B6E8-773E3070CE40}.Release|Any CPU.ActiveCfg = Release|Any CPU
		{D2B71E85-23A1-4C7A-B6E8-773E3070CE40}.Release|Any CPU.Build.0 = Release|Any CPU
		{D2B71E85-23A1-4C7A-B6E8-773E3070CE40}.Release|x64.ActiveCfg = Release|Any CPU
		{D2B71E85-23A1-4C7A-B6E8-773E3070CE40}.Release|x64.Build.0 = Release|Any CPU
		{D2B71E85-23A1-4C7A-B6E8-773E3070CE40}.Release|x86.ActiveCfg = Release|Any CPU
		{D2B71E85-23A1-4C7A-B6E8-773E3070CE40}.Release|x86.Build.0 = Release|Any CPU
		{3E9BEFE0-02EA-4E37-BEB6-AB60E7F7A6F4}.Debug|Any CPU.ActiveCfg = Debug|Any CPU
		{3E9BEFE0-02EA-4E37-BEB6-AB60E7F7A6F4}.Debug|Any CPU.Build.0 = Debug|Any CPU
		{3E9BEFE0-02EA-4E37-BEB6-AB60E7F7A6F4}.Debug|x64.ActiveCfg = Debug|Any CPU
		{3E9BEFE0-02EA-4E37-BEB6-AB60E7F7A6F4}.Debug|x64.Build.0 = Debug|Any CPU
		{3E9BEFE0-02EA-4E37-BEB6-AB60E7F7A6F4}.Debug|x86.ActiveCfg = Debug|Any CPU
		{3E9BEFE0-02EA-4E37-BEB6-AB60E7F7A6F4}.Debug|x86.Build.0 = Debug|Any CPU
		{3E9BEFE0-02EA-4E37-BEB6-AB60E7F7A6F4}.Release|Any CPU.ActiveCfg = Release|Any CPU
		{3E9BEFE0-02EA-4E37-BEB6-AB60E7F7A6F4}.Release|Any CPU.Build.0 = Release|Any CPU
		{3E9BEFE0-02EA-4E37-BEB6-AB60E7F7A6F4}.Release|x64.ActiveCfg = Release|Any CPU
		{3E9BEFE0-02EA-4E37-BEB6-AB60E7F7A6F4}.Release|x64.Build.0 = Release|Any CPU
		{3E9BEFE0-02EA-4E37-BEB6-AB60E7F7A6F4}.Release|x86.ActiveCfg = Release|Any CPU
		{3E9BEFE0-02EA-4E37-BEB6-AB60E7F7A6F4}.Release|x86.Build.0 = Release|Any CPU
		{09C608E1-5666-44A6-9A40-6A1CC8BCBA2E}.Debug|Any CPU.ActiveCfg = Debug|Any CPU
		{09C608E1-5666-44A6-9A40-6A1CC8BCBA2E}.Debug|Any CPU.Build.0 = Debug|Any CPU
		{09C608E1-5666-44A6-9A40-6A1CC8BCBA2E}.Debug|x64.ActiveCfg = Debug|Any CPU
		{09C608E1-5666-44A6-9A40-6A1CC8BCBA2E}.Debug|x64.Build.0 = Debug|Any CPU
		{09C608E1-5666-44A6-9A40-6A1CC8BCBA2E}.Debug|x86.ActiveCfg = Debug|Any CPU
		{09C608E1-5666-44A6-9A40-6A1CC8BCBA2E}.Debug|x86.Build.0 = Debug|Any CPU
		{09C608E1-5666-44A6-9A40-6A1CC8BCBA2E}.Release|Any CPU.ActiveCfg = Release|Any CPU
		{09C608E1-5666-44A6-9A40-6A1CC8BCBA2E}.Release|Any CPU.Build.0 = Release|Any CPU
		{09C608E1-5666-44A6-9A40-6A1CC8BCBA2E}.Release|x64.ActiveCfg = Release|Any CPU
		{09C608E1-5666-44A6-9A40-6A1CC8BCBA2E}.Release|x64.Build.0 = Release|Any CPU
		{09C608E1-5666-44A6-9A40-6A1CC8BCBA2E}.Release|x86.ActiveCfg = Release|Any CPU
		{09C608E1-5666-44A6-9A40-6A1CC8BCBA2E}.Release|x86.Build.0 = Release|Any CPU
		{F343382A-57E7-41E2-8738-98BD6101A515}.Debug|Any CPU.ActiveCfg = Debug|Any CPU
		{F343382A-57E7-41E2-8738-98BD6101A515}.Debug|Any CPU.Build.0 = Debug|Any CPU
		{F343382A-57E7-41E2-8738-98BD6101A515}.Debug|x64.ActiveCfg = Debug|Any CPU
		{F343382A-57E7-41E2-8738-98BD6101A515}.Debug|x64.Build.0 = Debug|Any CPU
		{F343382A-57E7-41E2-8738-98BD6101A515}.Debug|x86.ActiveCfg = Debug|Any CPU
		{F343382A-57E7-41E2-8738-98BD6101A515}.Debug|x86.Build.0 = Debug|Any CPU
		{F343382A-57E7-41E2-8738-98BD6101A515}.Release|Any CPU.ActiveCfg = Release|Any CPU
		{F343382A-57E7-41E2-8738-98BD6101A515}.Release|Any CPU.Build.0 = Release|Any CPU
		{F343382A-57E7-41E2-8738-98BD6101A515}.Release|x64.ActiveCfg = Release|Any CPU
		{F343382A-57E7-41E2-8738-98BD6101A515}.Release|x64.Build.0 = Release|Any CPU
		{F343382A-57E7-41E2-8738-98BD6101A515}.Release|x86.ActiveCfg = Release|Any CPU
		{F343382A-57E7-41E2-8738-98BD6101A515}.Release|x86.Build.0 = Release|Any CPU
		{3A1C2B2B-73C7-4A3A-A62C-4C89428B555E}.Debug|Any CPU.ActiveCfg = Debug|Any CPU
		{3A1C2B2B-73C7-4A3A-A62C-4C89428B555E}.Debug|Any CPU.Build.0 = Debug|Any CPU
		{3A1C2B2B-73C7-4A3A-A62C-4C89428B555E}.Debug|x64.ActiveCfg = Debug|Any CPU
		{3A1C2B2B-73C7-4A3A-A62C-4C89428B555E}.Debug|x64.Build.0 = Debug|Any CPU
		{3A1C2B2B-73C7-4A3A-A62C-4C89428B555E}.Debug|x86.ActiveCfg = Debug|Any CPU
		{3A1C2B2B-73C7-4A3A-A62C-4C89428B555E}.Debug|x86.Build.0 = Debug|Any CPU
		{3A1C2B2B-73C7-4A3A-A62C-4C89428B555E}.Release|Any CPU.ActiveCfg = Release|Any CPU
		{3A1C2B2B-73C7-4A3A-A62C-4C89428B555E}.Release|Any CPU.Build.0 = Release|Any CPU
		{3A1C2B2B-73C7-4A3A-A62C-4C89428B555E}.Release|x64.ActiveCfg = Release|Any CPU
		{3A1C2B2B-73C7-4A3A-A62C-4C89428B555E}.Release|x64.Build.0 = Release|Any CPU
		{3A1C2B2B-73C7-4A3A-A62C-4C89428B555E}.Release|x86.ActiveCfg = Release|Any CPU
		{3A1C2B2B-73C7-4A3A-A62C-4C89428B555E}.Release|x86.Build.0 = Release|Any CPU
		{7DA8CE23-1FB9-4F1C-AC12-7279B1D218E7}.Debug|Any CPU.ActiveCfg = Debug|Any CPU
		{7DA8CE23-1FB9-4F1C-AC12-7279B1D218E7}.Debug|Any CPU.Build.0 = Debug|Any CPU
		{7DA8CE23-1FB9-4F1C-AC12-7279B1D218E7}.Debug|x64.ActiveCfg = Debug|Any CPU
		{7DA8CE23-1FB9-4F1C-AC12-7279B1D218E7}.Debug|x64.Build.0 = Debug|Any CPU
		{7DA8CE23-1FB9-4F1C-AC12-7279B1D218E7}.Debug|x86.ActiveCfg = Debug|Any CPU
		{7DA8CE23-1FB9-4F1C-AC12-7279B1D218E7}.Debug|x86.Build.0 = Debug|Any CPU
		{7DA8CE23-1FB9-4F1C-AC12-7279B1D218E7}.Release|Any CPU.ActiveCfg = Release|Any CPU
		{7DA8CE23-1FB9-4F1C-AC12-7279B1D218E7}.Release|Any CPU.Build.0 = Release|Any CPU
		{7DA8CE23-1FB9-4F1C-AC12-7279B1D218E7}.Release|x64.ActiveCfg = Release|Any CPU
		{7DA8CE23-1FB9-4F1C-AC12-7279B1D218E7}.Release|x64.Build.0 = Release|Any CPU
		{7DA8CE23-1FB9-4F1C-AC12-7279B1D218E7}.Release|x86.ActiveCfg = Release|Any CPU
		{7DA8CE23-1FB9-4F1C-AC12-7279B1D218E7}.Release|x86.Build.0 = Release|Any CPU
		{71694C7C-7467-40AF-B79B-58FE9F3070D0}.Debug|Any CPU.ActiveCfg = Debug|Any CPU
		{71694C7C-7467-40AF-B79B-58FE9F3070D0}.Debug|Any CPU.Build.0 = Debug|Any CPU
		{71694C7C-7467-40AF-B79B-58FE9F3070D0}.Debug|x64.ActiveCfg = Debug|Any CPU
		{71694C7C-7467-40AF-B79B-58FE9F3070D0}.Debug|x64.Build.0 = Debug|Any CPU
		{71694C7C-7467-40AF-B79B-58FE9F3070D0}.Debug|x86.ActiveCfg = Debug|Any CPU
		{71694C7C-7467-40AF-B79B-58FE9F3070D0}.Debug|x86.Build.0 = Debug|Any CPU
		{71694C7C-7467-40AF-B79B-58FE9F3070D0}.Release|Any CPU.ActiveCfg = Release|Any CPU
		{71694C7C-7467-40AF-B79B-58FE9F3070D0}.Release|Any CPU.Build.0 = Release|Any CPU
		{71694C7C-7467-40AF-B79B-58FE9F3070D0}.Release|x64.ActiveCfg = Release|Any CPU
		{71694C7C-7467-40AF-B79B-58FE9F3070D0}.Release|x64.Build.0 = Release|Any CPU
		{71694C7C-7467-40AF-B79B-58FE9F3070D0}.Release|x86.ActiveCfg = Release|Any CPU
		{71694C7C-7467-40AF-B79B-58FE9F3070D0}.Release|x86.Build.0 = Release|Any CPU
		{3D4FE2DF-F46D-4571-883B-1259DC6EFB54}.Debug|Any CPU.ActiveCfg = Debug|Any CPU
		{3D4FE2DF-F46D-4571-883B-1259DC6EFB54}.Debug|Any CPU.Build.0 = Debug|Any CPU
		{3D4FE2DF-F46D-4571-883B-1259DC6EFB54}.Debug|x64.ActiveCfg = Debug|Any CPU
		{3D4FE2DF-F46D-4571-883B-1259DC6EFB54}.Debug|x64.Build.0 = Debug|Any CPU
		{3D4FE2DF-F46D-4571-883B-1259DC6EFB54}.Debug|x86.ActiveCfg = Debug|Any CPU
		{3D4FE2DF-F46D-4571-883B-1259DC6EFB54}.Debug|x86.Build.0 = Debug|Any CPU
		{3D4FE2DF-F46D-4571-883B-1259DC6EFB54}.Release|Any CPU.ActiveCfg = Release|Any CPU
		{3D4FE2DF-F46D-4571-883B-1259DC6EFB54}.Release|Any CPU.Build.0 = Release|Any CPU
		{3D4FE2DF-F46D-4571-883B-1259DC6EFB54}.Release|x64.ActiveCfg = Release|Any CPU
		{3D4FE2DF-F46D-4571-883B-1259DC6EFB54}.Release|x64.Build.0 = Release|Any CPU
		{3D4FE2DF-F46D-4571-883B-1259DC6EFB54}.Release|x86.ActiveCfg = Release|Any CPU
		{3D4FE2DF-F46D-4571-883B-1259DC6EFB54}.Release|x86.Build.0 = Release|Any CPU
		{31BC4D90-911E-4836-B0FC-2A070613F31F}.Debug|Any CPU.ActiveCfg = Debug|Any CPU
		{31BC4D90-911E-4836-B0FC-2A070613F31F}.Debug|Any CPU.Build.0 = Debug|Any CPU
		{31BC4D90-911E-4836-B0FC-2A070613F31F}.Debug|x64.ActiveCfg = Debug|Any CPU
		{31BC4D90-911E-4836-B0FC-2A070613F31F}.Debug|x64.Build.0 = Debug|Any CPU
		{31BC4D90-911E-4836-B0FC-2A070613F31F}.Debug|x86.ActiveCfg = Debug|Any CPU
		{31BC4D90-911E-4836-B0FC-2A070613F31F}.Debug|x86.Build.0 = Debug|Any CPU
		{31BC4D90-911E-4836-B0FC-2A070613F31F}.Release|Any CPU.ActiveCfg = Release|Any CPU
		{31BC4D90-911E-4836-B0FC-2A070613F31F}.Release|Any CPU.Build.0 = Release|Any CPU
		{31BC4D90-911E-4836-B0FC-2A070613F31F}.Release|x64.ActiveCfg = Release|Any CPU
		{31BC4D90-911E-4836-B0FC-2A070613F31F}.Release|x64.Build.0 = Release|Any CPU
		{31BC4D90-911E-4836-B0FC-2A070613F31F}.Release|x86.ActiveCfg = Release|Any CPU
		{31BC4D90-911E-4836-B0FC-2A070613F31F}.Release|x86.Build.0 = Release|Any CPU
		{86A712D9-86B4-4467-9698-238208ED64A7}.Debug|Any CPU.ActiveCfg = Debug|Any CPU
		{86A712D9-86B4-4467-9698-238208ED64A7}.Debug|Any CPU.Build.0 = Debug|Any CPU
		{86A712D9-86B4-4467-9698-238208ED64A7}.Debug|x64.ActiveCfg = Debug|Any CPU
		{86A712D9-86B4-4467-9698-238208ED64A7}.Debug|x64.Build.0 = Debug|Any CPU
		{86A712D9-86B4-4467-9698-238208ED64A7}.Debug|x86.ActiveCfg = Debug|Any CPU
		{86A712D9-86B4-4467-9698-238208ED64A7}.Debug|x86.Build.0 = Debug|Any CPU
		{86A712D9-86B4-4467-9698-238208ED64A7}.Release|Any CPU.ActiveCfg = Release|Any CPU
		{86A712D9-86B4-4467-9698-238208ED64A7}.Release|Any CPU.Build.0 = Release|Any CPU
		{86A712D9-86B4-4467-9698-238208ED64A7}.Release|x64.ActiveCfg = Release|Any CPU
		{86A712D9-86B4-4467-9698-238208ED64A7}.Release|x64.Build.0 = Release|Any CPU
		{86A712D9-86B4-4467-9698-238208ED64A7}.Release|x86.ActiveCfg = Release|Any CPU
		{86A712D9-86B4-4467-9698-238208ED64A7}.Release|x86.Build.0 = Release|Any CPU
	EndGlobalSection
	GlobalSection(SolutionProperties) = preSolution
		HideSolutionNode = FALSE
	EndGlobalSection
	GlobalSection(NestedProjects) = preSolution
		{04A4784A-37FE-262D-CEFE-FCCF4004CF92} = {97A01588-7315-5531-F172-1D8F3351F6BE}
		{7547E921-626C-4B05-8E89-8102C84AEABA} = {9A268371-5D12-10C4-A93D-B1889754EE7E}
		{05D9F966-90BB-4820-9AC5-9BF9051AB1E6} = {B1199D54-4F6F-C5D5-719E-2CDC1E88E898}
		{E7440F79-F1D4-4850-ACE6-E6584EDB468E} = {B1199D54-4F6F-C5D5-719E-2CDC1E88E898}
		{02EF56DD-E7E8-45C0-9300-696D6831987F} = {F3AF8658-9426-6410-65C8-053D67175747}
		{D2B71E85-23A1-4C7A-B6E8-773E3070CE40} = {AF53ED2D-554E-406D-2974-2A592A4750C2}
		{3E9BEFE0-02EA-4E37-BEB6-AB60E7F7A6F4} = {AF53ED2D-554E-406D-2974-2A592A4750C2}
		{09C608E1-5666-44A6-9A40-6A1CC8BCBA2E} = {D495FDFA-51B3-36F4-EA09-685C146DD71A}
		{F343382A-57E7-41E2-8738-98BD6101A515} = {9D3A4D94-6238-0044-8D6E-77B77F8357E5}
		{3A1C2B2B-73C7-4A3A-A62C-4C89428B555E} = {9D3A4D94-6238-0044-8D6E-77B77F8357E5}
		{7DA8CE23-1FB9-4F1C-AC12-7279B1D218E7} = {9D3A4D94-6238-0044-8D6E-77B77F8357E5}
		{71694C7C-7467-40AF-B79B-58FE9F3070D0} = {4A2DA870-0C70-FB92-F14D-A3DBD758FADB}
		{3D4FE2DF-F46D-4571-883B-1259DC6EFB54} = {97E3AE6A-338E-DE03-7FA3-E8419CD3E1D9}
		{31BC4D90-911E-4836-B0FC-2A070613F31F} = {863AFCF6-7119-D877-ADD3-EBAEA5B93183}
		{86A712D9-86B4-4467-9698-238208ED64A7} = {0150F14C-0248-95DD-D791-7FF72E3A04CF}
	EndGlobalSection
	GlobalSection(ExtensibilityGlobals) = postSolution
		SolutionGuid = {CE1BB540-4942-4E71-A4A0-45DF1795625B}
	EndGlobalSection
EndGlobal
